
Microsoft Visual Studio Solution File, Format Version 12.00
# Visual Studio Version 16
VisualStudioVersion = 16.0.31702.278
MinimumVisualStudioVersion = 10.0.40219.1
Project("{FAE04EC0-301F-11D3-BF4B-00C04F79EFBC}") = "Sales.UWP", "Sales\Sales.UWP\Sales.UWP.csproj", "{145F3F34-BF7D-4339-A0D7-A715D7AE8C85}"
EndProject
Project("{FAE04EC0-301F-11D3-BF4B-00C04F79EFBC}") = "Sales.Android", "Sales\Sales.Android\Sales.Android.csproj", "{5FF747A2-AED4-4110-B9FF-3880D41D1427}"
EndProject
Project("{FAE04EC0-301F-11D3-BF4B-00C04F79EFBC}") = "Sales.iOS", "Sales\Sales.iOS\Sales.iOS.csproj", "{4BD3FB56-A617-4767-94A5-464BC48D0F69}"
EndProject
Project("{FAE04EC0-301F-11D3-BF4B-00C04F79EFBC}") = "Sales", "Sales\Sales\Sales.csproj", "{63A39ADC-53A4-4669-999C-3A3A4EEA76BD}"
EndProject
Global
	GlobalSection(SolutionConfigurationPlatforms) = preSolution
		Debug|Any CPU = Debug|Any CPU
		Debug|ARM = Debug|ARM
		Debug|iPhone = Debug|iPhone
		Debug|iPhoneSimulator = Debug|iPhoneSimulator
		Debug|x64 = Debug|x64
		Debug|x86 = Debug|x86
		Release|Any CPU = Release|Any CPU
		Release|ARM = Release|ARM
		Release|iPhone = Release|iPhone
		Release|iPhoneSimulator = Release|iPhoneSimulator
		Release|x64 = Release|x64
		Release|x86 = Release|x86
	EndGlobalSection
	GlobalSection(ProjectConfigurationPlatforms) = postSolution
		{145F3F34-BF7D-4339-A0D7-A715D7AE8C85}.Debug|Any CPU.ActiveCfg = Debug|x86
		{145F3F34-BF7D-4339-A0D7-A715D7AE8C85}.Debug|Any CPU.Build.0 = Debug|x86
		{145F3F34-BF7D-4339-A0D7-A715D7AE8C85}.Debug|Any CPU.Deploy.0 = Debug|x86
		{145F3F34-BF7D-4339-A0D7-A715D7AE8C85}.Debug|ARM.ActiveCfg = Debug|ARM
		{145F3F34-BF7D-4339-A0D7-A715D7AE8C85}.Debug|ARM.Build.0 = Debug|ARM
		{145F3F34-BF7D-4339-A0D7-A715D7AE8C85}.Debug|ARM.Deploy.0 = Debug|ARM
		{145F3F34-BF7D-4339-A0D7-A715D7AE8C85}.Debug|iPhone.ActiveCfg = Debug|x86
		{145F3F34-BF7D-4339-A0D7-A715D7AE8C85}.Debug|iPhone.Build.0 = Debug|x86
		{145F3F34-BF7D-4339-A0D7-A715D7AE8C85}.Debug|iPhone.Deploy.0 = Debug|x86
		{145F3F34-BF7D-4339-A0D7-A715D7AE8C85}.Debug|iPhoneSimulator.ActiveCfg = Debug|x86
		{145F3F34-BF7D-4339-A0D7-A715D7AE8C85}.Debug|iPhoneSimulator.Build.0 = Debug|x86
		{145F3F34-BF7D-4339-A0D7-A715D7AE8C85}.Debug|iPhoneSimulator.Deploy.0 = Debug|x86
		{145F3F34-BF7D-4339-A0D7-A715D7AE8C85}.Debug|x64.ActiveCfg = Debug|x64
		{145F3F34-BF7D-4339-A0D7-A715D7AE8C85}.Debug|x64.Build.0 = Debug|x64
		{145F3F34-BF7D-4339-A0D7-A715D7AE8C85}.Debug|x64.Deploy.0 = Debug|x64
		{145F3F34-BF7D-4339-A0D7-A715D7AE8C85}.Debug|x86.ActiveCfg = Debug|x86
		{145F3F34-BF7D-4339-A0D7-A715D7AE8C85}.Debug|x86.Build.0 = Debug|x86
		{145F3F34-BF7D-4339-A0D7-A715D7AE8C85}.Debug|x86.Deploy.0 = Debug|x86
		{145F3F34-BF7D-4339-A0D7-A715D7AE8C85}.Release|Any CPU.ActiveCfg = Release|x86
		{145F3F34-BF7D-4339-A0D7-A715D7AE8C85}.Release|Any CPU.Build.0 = Release|x86
		{145F3F34-BF7D-4339-A0D7-A715D7AE8C85}.Release|Any CPU.Deploy.0 = Release|x86
		{145F3F34-BF7D-4339-A0D7-A715D7AE8C85}.Release|ARM.ActiveCfg = Release|ARM
		{145F3F34-BF7D-4339-A0D7-A715D7AE8C85}.Release|ARM.Build.0 = Release|ARM
		{145F3F34-BF7D-4339-A0D7-A715D7AE8C85}.Release|ARM.Deploy.0 = Release|ARM
		{145F3F34-BF7D-4339-A0D7-A715D7AE8C85}.Release|iPhone.ActiveCfg = Release|x86
		{145F3F34-BF7D-4339-A0D7-A715D7AE8C85}.Release|iPhone.Build.0 = Release|x86
		{145F3F34-BF7D-4339-A0D7-A715D7AE8C85}.Release|iPhone.Deploy.0 = Release|x86
		{145F3F34-BF7D-4339-A0D7-A715D7AE8C85}.Release|iPhoneSimulator.ActiveCfg = Release|x86
		{145F3F34-BF7D-4339-A0D7-A715D7AE8C85}.Release|iPhoneSimulator.Build.0 = Release|x86
		{145F3F34-BF7D-4339-A0D7-A715D7AE8C85}.Release|iPhoneSimulator.Deploy.0 = Release|x86
		{145F3F34-BF7D-4339-A0D7-A715D7AE8C85}.Release|x64.ActiveCfg = Release|x64
		{145F3F34-BF7D-4339-A0D7-A715D7AE8C85}.Release|x64.Build.0 = Release|x64
		{145F3F34-BF7D-4339-A0D7-A715D7AE8C85}.Release|x64.Deploy.0 = Release|x64
		{145F3F34-BF7D-4339-A0D7-A715D7AE8C85}.Release|x86.ActiveCfg = Release|x86
		{145F3F34-BF7D-4339-A0D7-A715D7AE8C85}.Release|x86.Build.0 = Release|x86
		{145F3F34-BF7D-4339-A0D7-A715D7AE8C85}.Release|x86.Deploy.0 = Release|x86
		{5FF747A2-AED4-4110-B9FF-3880D41D1427}.Debug|Any CPU.ActiveCfg = Debug|Any CPU
		{5FF747A2-AED4-4110-B9FF-3880D41D1427}.Debug|Any CPU.Build.0 = Debug|Any CPU
		{5FF747A2-AED4-4110-B9FF-3880D41D1427}.Debug|Any CPU.Deploy.0 = Debug|Any CPU
		{5FF747A2-AED4-4110-B9FF-3880D41D1427}.Debug|ARM.ActiveCfg = Debug|Any CPU
		{5FF747A2-AED4-4110-B9FF-3880D41D1427}.Debug|ARM.Build.0 = Debug|Any CPU
		{5FF747A2-AED4-4110-B9FF-3880D41D1427}.Debug|ARM.Deploy.0 = Debug|Any CPU
		{5FF747A2-AED4-4110-B9FF-3880D41D1427}.Debug|iPhone.ActiveCfg = Debug|Any CPU
		{5FF747A2-AED4-4110-B9FF-3880D41D1427}.Debug|iPhone.Build.0 = Debug|Any CPU
		{5FF747A2-AED4-4110-B9FF-3880D41D1427}.Debug|iPhone.Deploy.0 = Debug|Any CPU
		{5FF747A2-AED4-4110-B9FF-3880D41D1427}.Debug|iPhoneSimulator.ActiveCfg = Debug|Any CPU
		{5FF747A2-AED4-4110-B9FF-3880D41D1427}.Debug|iPhoneSimulator.Build.0 = Debug|Any CPU
		{5FF747A2-AED4-4110-B9FF-3880D41D1427}.Debug|iPhoneSimulator.Deploy.0 = Debug|Any CPU
		{5FF747A2-AED4-4110-B9FF-3880D41D1427}.Debug|x64.ActiveCfg = Debug|Any CPU
		{5FF747A2-AED4-4110-B9FF-3880D41D1427}.Debug|x64.Build.0 = Debug|Any CPU
		{5FF747A2-AED4-4110-B9FF-3880D41D1427}.Debug|x64.Deploy.0 = Debug|Any CPU
		{5FF747A2-AED4-4110-B9FF-3880D41D1427}.Debug|x86.ActiveCfg = Debug|Any CPU
		{5FF747A2-AED4-4110-B9FF-3880D41D1427}.Debug|x86.Build.0 = Debug|Any CPU
		{5FF747A2-AED4-4110-B9FF-3880D41D1427}.Debug|x86.Deploy.0 = Debug|Any CPU
		{5FF747A2-AED4-4110-B9FF-3880D41D1427}.Release|Any CPU.ActiveCfg = Release|Any CPU
		{5FF747A2-AED4-4110-B9FF-3880D41D1427}.Release|Any CPU.Build.0 = Release|Any CPU
		{5FF747A2-AED4-4110-B9FF-3880D41D1427}.Release|Any CPU.Deploy.0 = Release|Any CPU
		{5FF747A2-AED4-4110-B9FF-3880D41D1427}.Release|ARM.ActiveCfg = Release|Any CPU
		{5FF747A2-AED4-4110-B9FF-3880D41D1427}.Release|ARM.Build.0 = Release|Any CPU
		{5FF747A2-AED4-4110-B9FF-3880D41D1427}.Release|ARM.Deploy.0 = Release|Any CPU
		{5FF747A2-AED4-4110-B9FF-3880D41D1427}.Release|iPhone.ActiveCfg = Release|Any CPU
		{5FF747A2-AED4-4110-B9FF-3880D41D1427}.Release|iPhone.Build.0 = Release|Any CPU
		{5FF747A2-AED4-4110-B9FF-3880D41D1427}.Release|iPhone.Deploy.0 = Release|Any CPU
		{5FF747A2-AED4-4110-B9FF-3880D41D1427}.Release|iPhoneSimulator.ActiveCfg = Release|Any CPU
		{5FF747A2-AED4-4110-B9FF-3880D41D1427}.Release|iPhoneSimulator.Build.0 = Release|Any CPU
		{5FF747A2-AED4-4110-B9FF-3880D41D1427}.Release|iPhoneSimulator.Deploy.0 = Release|Any CPU
		{5FF747A2-AED4-4110-B9FF-3880D41D1427}.Release|x64.ActiveCfg = Release|Any CPU
		{5FF747A2-AED4-4110-B9FF-3880D41D1427}.Release|x64.Build.0 = Release|Any CPU
		{5FF747A2-AED4-4110-B9FF-3880D41D1427}.Release|x64.Deploy.0 = Release|Any CPU
		{5FF747A2-AED4-4110-B9FF-3880D41D1427}.Release|x86.ActiveCfg = Release|Any CPU
		{5FF747A2-AED4-4110-B9FF-3880D41D1427}.Release|x86.Build.0 = Release|Any CPU
		{5FF747A2-AED4-4110-B9FF-3880D41D1427}.Release|x86.Deploy.0 = Release|Any CPU
		{4BD3FB56-A617-4767-94A5-464BC48D0F69}.Debug|Any CPU.ActiveCfg = Debug|iPhoneSimulator
		{4BD3FB56-A617-4767-94A5-464BC48D0F69}.Debug|Any CPU.Build.0 = Debug|iPhoneSimulator
		{4BD3FB56-A617-4767-94A5-464BC48D0F69}.Debug|Any CPU.Deploy.0 = Debug|iPhoneSimulator
		{4BD3FB56-A617-4767-94A5-464BC48D0F69}.Debug|ARM.ActiveCfg = Debug|iPhone
		{4BD3FB56-A617-4767-94A5-464BC48D0F69}.Debug|ARM.Build.0 = Debug|iPhone
		{4BD3FB56-A617-4767-94A5-464BC48D0F69}.Debug|ARM.Deploy.0 = Debug|iPhone
		{4BD3FB56-A617-4767-94A5-464BC48D0F69}.Debug|iPhone.ActiveCfg = Debug|iPhone
		{4BD3FB56-A617-4767-94A5-464BC48D0F69}.Debug|iPhone.Build.0 = Debug|iPhone
		{4BD3FB56-A617-4767-94A5-464BC48D0F69}.Debug|iPhone.Deploy.0 = Debug|iPhone
		{4BD3FB56-A617-4767-94A5-464BC48D0F69}.Debug|iPhoneSimulator.ActiveCfg = Debug|iPhoneSimulator
		{4BD3FB56-A617-4767-94A5-464BC48D0F69}.Debug|iPhoneSimulator.Build.0 = Debug|iPhoneSimulator
		{4BD3FB56-A617-4767-94A5-464BC48D0F69}.Debug|iPhoneSimulator.Deploy.0 = Debug|iPhoneSimulator
		{4BD3FB56-A617-4767-94A5-464BC48D0F69}.Debug|x64.ActiveCfg = Debug|iPhoneSimulator
		{4BD3FB56-A617-4767-94A5-464BC48D0F69}.Debug|x64.Build.0 = Debug|iPhoneSimulator
		{4BD3FB56-A617-4767-94A5-464BC48D0F69}.Debug|x64.Deploy.0 = Debug|iPhoneSimulator
		{4BD3FB56-A617-4767-94A5-464BC48D0F69}.Debug|x86.ActiveCfg = Debug|iPhoneSimulator
		{4BD3FB56-A617-4767-94A5-464BC48D0F69}.Debug|x86.Build.0 = Debug|iPhoneSimulator
		{4BD3FB56-A617-4767-94A5-464BC48D0F69}.Debug|x86.Deploy.0 = Debug|iPhoneSimulator
		{4BD3FB56-A617-4767-94A5-464BC48D0F69}.Release|Any CPU.ActiveCfg = Release|iPhoneSimulator
		{4BD3FB56-A617-4767-94A5-464BC48D0F69}.Release|Any CPU.Build.0 = Release|iPhoneSimulator
		{4BD3FB56-A617-4767-94A5-464BC48D0F69}.Release|Any CPU.Deploy.0 = Release|iPhoneSimulator
		{4BD3FB56-A617-4767-94A5-464BC48D0F69}.Release|ARM.ActiveCfg = Release|iPhoneSimulator
		{4BD3FB56-A617-4767-94A5-464BC48D0F69}.Release|ARM.Build.0 = Release|iPhoneSimulator
		{4BD3FB56-A617-4767-94A5-464BC48D0F69}.Release|ARM.Deploy.0 = Release|iPhoneSimulator
		{4BD3FB56-A617-4767-94A5-464BC48D0F69}.Release|iPhone.ActiveCfg = Release|iPhone
		{4BD3FB56-A617-4767-94A5-464BC48D0F69}.Release|iPhone.Build.0 = Release|iPhone
		{4BD3FB56-A617-4767-94A5-464BC48D0F69}.Release|iPhone.Deploy.0 = Release|iPhone
		{4BD3FB56-A617-4767-94A5-464BC48D0F69}.Release|iPhoneSimulator.ActiveCfg = Release|iPhoneSimulator
		{4BD3FB56-A617-4767-94A5-464BC48D0F69}.Release|iPhoneSimulator.Build.0 = Release|iPhoneSimulator
		{4BD3FB56-A617-4767-94A5-464BC48D0F69}.Release|iPhoneSimulator.Deploy.0 = Release|iPhoneSimulator
		{4BD3FB56-A617-4767-94A5-464BC48D0F69}.Release|x64.ActiveCfg = Release|iPhoneSimulator
		{4BD3FB56-A617-4767-94A5-464BC48D0F69}.Release|x64.Build.0 = Release|iPhoneSimulator
		{4BD3FB56-A617-4767-94A5-464BC48D0F69}.Release|x64.Deploy.0 = Release|iPhoneSimulator
		{4BD3FB56-A617-4767-94A5-464BC48D0F69}.Release|x86.ActiveCfg = Release|iPhoneSimulator
		{4BD3FB56-A617-4767-94A5-464BC48D0F69}.Release|x86.Build.0 = Release|iPhoneSimulator
		{4BD3FB56-A617-4767-94A5-464BC48D0F69}.Release|x86.Deploy.0 = Release|iPhoneSimulator
		{63A39ADC-53A4-4669-999C-3A3A4EEA76BD}.Debug|Any CPU.ActiveCfg = Debug|Any CPU
		{63A39ADC-53A4-4669-999C-3A3A4EEA76BD}.Debug|Any CPU.Build.0 = Debug|Any CPU
		{63A39ADC-53A4-4669-999C-3A3A4EEA76BD}.Debug|Any CPU.Deploy.0 = Debug|Any CPU
		{63A39ADC-53A4-4669-999C-3A3A4EEA76BD}.Debug|ARM.ActiveCfg = Debug|Any CPU
		{63A39ADC-53A4-4669-999C-3A3A4EEA76BD}.Debug|ARM.Build.0 = Debug|Any CPU
		{63A39ADC-53A4-4669-999C-3A3A4EEA76BD}.Debug|ARM.Deploy.0 = Debug|Any CPU
		{63A39ADC-53A4-4669-999C-3A3A4EEA76BD}.Debug|iPhone.ActiveCfg = Debug|Any CPU
		{63A39ADC-53A4-4669-999C-3A3A4EEA76BD}.Debug|iPhone.Build.0 = Debug|Any CPU
		{63A39ADC-53A4-4669-999C-3A3A4EEA76BD}.Debug|iPhone.Deploy.0 = Debug|Any CPU
		{63A39ADC-53A4-4669-999C-3A3A4EEA76BD}.Debug|iPhoneSimulator.ActiveCfg = Debug|Any CPU
		{63A39ADC-53A4-4669-999C-3A3A4EEA76BD}.Debug|iPhoneSimulator.Build.0 = Debug|Any CPU
		{63A39ADC-53A4-4669-999C-3A3A4EEA76BD}.Debug|iPhoneSimulator.Deploy.0 = Debug|Any CPU
		{63A39ADC-53A4-4669-999C-3A3A4EEA76BD}.Debug|x64.ActiveCfg = Debug|Any CPU
		{63A39ADC-53A4-4669-999C-3A3A4EEA76BD}.Debug|x64.Build.0 = Debug|Any CPU
		{63A39ADC-53A4-4669-999C-3A3A4EEA76BD}.Debug|x64.Deploy.0 = Debug|Any CPU
		{63A39ADC-53A4-4669-999C-3A3A4EEA76BD}.Debug|x86.ActiveCfg = Debug|Any CPU
		{63A39ADC-53A4-4669-999C-3A3A4EEA76BD}.Debug|x86.Build.0 = Debug|Any CPU
		{63A39ADC-53A4-4669-999C-3A3A4EEA76BD}.Debug|x86.Deploy.0 = Debug|Any CPU
		{63A39ADC-53A4-4669-999C-3A3A4EEA76BD}.Release|Any CPU.ActiveCfg = Release|Any CPU
		{63A39ADC-53A4-4669-999C-3A3A4EEA76BD}.Release|Any CPU.Build.0 = Release|Any CPU
		{63A39ADC-53A4-4669-999C-3A3A4EEA76BD}.Release|Any CPU.Deploy.0 = Release|Any CPU
		{63A39ADC-53A4-4669-999C-3A3A4EEA76BD}.Release|ARM.ActiveCfg = Release|Any CPU
		{63A39ADC-53A4-4669-999C-3A3A4EEA76BD}.Release|ARM.Build.0 = Release|Any CPU
		{63A39ADC-53A4-4669-999C-3A3A4EEA76BD}.Release|ARM.Deploy.0 = Release|Any CPU
		{63A39ADC-53A4-4669-999C-3A3A4EEA76BD}.Release|iPhone.ActiveCfg = Release|Any CPU
		{63A39ADC-53A4-4669-999C-3A3A4EEA76BD}.Release|iPhone.Build.0 = Release|Any CPU
		{63A39ADC-53A4-4669-999C-3A3A4EEA76BD}.Release|iPhone.Deploy.0 = Release|Any CPU
		{63A39ADC-53A4-4669-999C-3A3A4EEA76BD}.Release|iPhoneSimulator.ActiveCfg = Release|Any CPU
		{63A39ADC-53A4-4669-999C-3A3A4EEA76BD}.Release|iPhoneSimulator.Build.0 = Release|Any CPU
		{63A39ADC-53A4-4669-999C-3A3A4EEA76BD}.Release|iPhoneSimulator.Deploy.0 = Release|Any CPU
		{63A39ADC-53A4-4669-999C-3A3A4EEA76BD}.Release|x64.ActiveCfg = Release|Any CPU
		{63A39ADC-53A4-4669-999C-3A3A4EEA76BD}.Release|x64.Build.0 = Release|Any CPU
		{63A39ADC-53A4-4669-999C-3A3A4EEA76BD}.Release|x64.Deploy.0 = Release|Any CPU
		{63A39ADC-53A4-4669-999C-3A3A4EEA76BD}.Release|x86.ActiveCfg = Release|Any CPU
		{63A39ADC-53A4-4669-999C-3A3A4EEA76BD}.Release|x86.Build.0 = Release|Any CPU
		{63A39ADC-53A4-4669-999C-3A3A4EEA76BD}.Release|x86.Deploy.0 = Release|Any CPU
	EndGlobalSection
	GlobalSection(SolutionProperties) = preSolution
		HideSolutionNode = FALSE
	EndGlobalSection
	GlobalSection(ExtensibilityGlobals) = postSolution
		SolutionGuid = {2741459F-A094-4570-96EF-65C9517EFFA9}
	EndGlobalSection
EndGlobal
